{
    "_meta": {
        "hash": {
            "sha256": "9fa1084ed23b3a1fb53d116a8771b700d822fd1c2cfd97ac3732f6671241f19c"
        },
        "pipfile-spec": 6,
        "requires": {
            "python_version": "3.8"
        },
        "sources": [
            {
                "name": "pypi",
                "url": "https://pypi.python.org/simple",
                "verify_ssl": true
            }
        ]
    },
    "default": {
        "bluez-peripheral": {
            "hashes": [
                "sha256:359d736b66eec76f132d270a5ce467d60587f95d6c0f4d5461dcab7b455d16e3",
                "sha256:62511b5089f729aab3fd44ba667b1d5de64507c99d41156bdcd1587da21395fb"
            ],
            "index": "pypi",
            "version": "==0.1.5"
        },
        "certifi": {
            "hashes": [
                "sha256:84c85a9078b11105f04f3036a9482ae10e4621616db313fe045dd24743a0820d",
                "sha256:fe86415d55e84719d75f8b69414f6438ac3547d2078ab91b67e779ef69378412"
            ],
            "version": "==2022.6.15"
        },
        "charset-normalizer": {
            "hashes": [
                "sha256:5189b6f22b01957427f35b6a08d9a0bc45b46d3788ef5a92e978433c7a35f8a5",
                "sha256:575e708016ff3a5e3681541cb9d79312c416835686d054a23accb873b254f413"
            ],
            "version": "==2.1.0"
        },
        "dbus-next": {
            "hashes": [
                "sha256:58948f9aff9db08316734c0be2a120f6dc502124d9642f55e90ac82ffb16a18b",
                "sha256:f4eae26909332ada528c0a3549dda8d4f088f9b365153952a408e28023a626a5"
            ],
            "version": "==0.2.3"
        },
        "idna": {
            "hashes": [
                "sha256:84d9dd047ffa80596e0f246e2eab0b391788b0503584e8945f2368256d2735ff",
                "sha256:9d643ff0a55b762d5cdb124b8eaa99c66322e2157b69160bc32796e824360e6d"
            ],
            "version": "==3.3"
        },
        "pipdeptree": {
            "hashes": [
                "sha256:2b97d80c64d229e01ad242f14229a899263c6e8645c588ec5b054c1b81f3065d",
                "sha256:e20655a38d6e363d8e86d6a85e8a648680a3f4b6d039d6ee3ab0f539da1ad6ce"
            ],
            "index": "pypi",
            "version": "==2.2.1"
        },
        "requests": {
            "hashes": [
                "sha256:7c5599b102feddaa661c826c56ab4fee28bfd17f5abca1ebbe3e7f19d7c97983",
                "sha256:8fefa2a1a1365bf5520aac41836fbee479da67864514bdb821f31ce07ce65349"
            ],
            "index": "pypi",
            "version": "==2.28.1"
        },
        "urllib3": {
            "hashes": [
                "sha256:c33ccba33c819596124764c23a97d25f32b28433ba0dedeb77d873a38722c9bc",
                "sha256:ea6e8fb210b19d950fab93b60c9009226c63a28808bc8386e05301e25883ac0a"
            ],
            "version": "==1.26.11"
        }
    },
    "develop": {}
}
